
Microsoft Visual Studio Solution File, Format Version 12.00
# Visual Studio Version 17
VisualStudioVersion = 17.7.34302.85
MinimumVisualStudioVersion = 10.0.40219.1
Project("{9A19103F-16F7-4668-BE54-9A1E7A4F7556}") = "SolarLab.Academy.Application", "src\SolarLab.Academy.Application\SolarLab.Academy.Application.csproj", "{EA40BC53-BB7B-47B6-A2B9-76246386A3FF}"
EndProject
Project("{9A19103F-16F7-4668-BE54-9A1E7A4F7556}") = "SolarLab.Academy.Domain", "src\SolarLab.Academy.Domain\SolarLab.Academy.Domain.csproj", "{72F7EA26-F742-4140-B959-F62E2ECB1811}"
EndProject
Project("{9A19103F-16F7-4668-BE54-9A1E7A4F7556}") = "SolarLab.Academy.Infrastructure", "src\SolarLab.Academy.Infrastructure\SolarLab.Academy.Infrastructure.csproj", "{608D3BB8-2FAE-4607-AD4A-D551A92F9BCE}"
EndProject
Project("{9A19103F-16F7-4668-BE54-9A1E7A4F7556}") = "SolarLab.Academy.Hosts", "src\SolarLab.Academy.Hosts\SolarLab.Academy.Hosts.csproj", "{DC156A31-6799-47DC-B3A9-7EF70F1045A1}"
EndProject
Project("{2150E333-8FDC-42A3-9474-1A3956D46DE8}") = "src", "src", "{26700BA0-3D2F-4FB8-9A14-1CD948B39C1C}"
EndProject
Global
	GlobalSection(SolutionConfigurationPlatforms) = preSolution
		Debug|Any CPU = Debug|Any CPU
		Release|Any CPU = Release|Any CPU
	EndGlobalSection
	GlobalSection(ProjectConfigurationPlatforms) = postSolution
		{EA40BC53-BB7B-47B6-A2B9-76246386A3FF}.Debug|Any CPU.ActiveCfg = Debug|Any CPU
		{EA40BC53-BB7B-47B6-A2B9-76246386A3FF}.Debug|Any CPU.Build.0 = Debug|Any CPU
		{EA40BC53-BB7B-47B6-A2B9-76246386A3FF}.Release|Any CPU.ActiveCfg = Release|Any CPU
		{EA40BC53-BB7B-47B6-A2B9-76246386A3FF}.Release|Any CPU.Build.0 = Release|Any CPU
		{72F7EA26-F742-4140-B959-F62E2ECB1811}.Debug|Any CPU.ActiveCfg = Debug|Any CPU
		{72F7EA26-F742-4140-B959-F62E2ECB1811}.Debug|Any CPU.Build.0 = Debug|Any CPU
		{72F7EA26-F742-4140-B959-F62E2ECB1811}.Release|Any CPU.ActiveCfg = Release|Any CPU
		{72F7EA26-F742-4140-B959-F62E2ECB1811}.Release|Any CPU.Build.0 = Release|Any CPU
		{608D3BB8-2FAE-4607-AD4A-D551A92F9BCE}.Debug|Any CPU.ActiveCfg = Debug|Any CPU
		{608D3BB8-2FAE-4607-AD4A-D551A92F9BCE}.Debug|Any CPU.Build.0 = Debug|Any CPU
		{608D3BB8-2FAE-4607-AD4A-D551A92F9BCE}.Release|Any CPU.ActiveCfg = Release|Any CPU
		{608D3BB8-2FAE-4607-AD4A-D551A92F9BCE}.Release|Any CPU.Build.0 = Release|Any CPU
		{DC156A31-6799-47DC-B3A9-7EF70F1045A1}.Debug|Any CPU.ActiveCfg = Debug|Any CPU
		{DC156A31-6799-47DC-B3A9-7EF70F1045A1}.Debug|Any CPU.Build.0 = Debug|Any CPU
		{DC156A31-6799-47DC-B3A9-7EF70F1045A1}.Release|Any CPU.ActiveCfg = Release|Any CPU
		{DC156A31-6799-47DC-B3A9-7EF70F1045A1}.Release|Any CPU.Build.0 = Release|Any CPU
	EndGlobalSection
	GlobalSection(SolutionProperties) = preSolution
		HideSolutionNode = FALSE
	EndGlobalSection
	GlobalSection(NestedProjects) = preSolution
		{EA40BC53-BB7B-47B6-A2B9-76246386A3FF} = {26700BA0-3D2F-4FB8-9A14-1CD948B39C1C}
		{72F7EA26-F742-4140-B959-F62E2ECB1811} = {26700BA0-3D2F-4FB8-9A14-1CD948B39C1C}
		{608D3BB8-2FAE-4607-AD4A-D551A92F9BCE} = {26700BA0-3D2F-4FB8-9A14-1CD948B39C1C}
		{DC156A31-6799-47DC-B3A9-7EF70F1045A1} = {26700BA0-3D2F-4FB8-9A14-1CD948B39C1C}
	EndGlobalSection
	GlobalSection(ExtensibilityGlobals) = postSolution
		SolutionGuid = {6C1CA7B6-CA9E-447A-BDD7-9B6D5E4B52BD}
	EndGlobalSection
EndGlobal
