
Microsoft Visual Studio Solution File, Format Version 12.00
# Visual Studio Version 17
VisualStudioVersion = 17.10.34707.107
MinimumVisualStudioVersion = 10.0.40219.1
Project("{2150E333-8FDC-42A3-9474-1A3956D46DE8}") = "src", "src", "{D129ED10-7A22-472F-8112-63BCDA57F3D1}"
EndProject
Project("{2150E333-8FDC-42A3-9474-1A3956D46DE8}") = "Application", "Application", "{CF8CDCE0-10CA-4309-B38B-28B93FB94DE6}"
EndProject
Project("{2150E333-8FDC-42A3-9474-1A3956D46DE8}") = "Contracts", "Contracts", "{748F2966-AD9A-4687-AD44-B1E9BCF6E050}"
EndProject
Project("{2150E333-8FDC-42A3-9474-1A3956D46DE8}") = "Domain", "Domain", "{CF42BA5B-E2B4-4744-8F86-6C9AA7A22093}"
EndProject
Project("{2150E333-8FDC-42A3-9474-1A3956D46DE8}") = "Infrastructure", "Infrastructure", "{3C3DAE8F-ADBE-42D2-B83C-560B43E5D65C}"
EndProject
Project("{2150E333-8FDC-42A3-9474-1A3956D46DE8}") = "Hosts", "Hosts", "{58A5D4AA-DC6E-4B2D-9CCD-A6354EFFB979}"
EndProject
Project("{9A19103F-16F7-4668-BE54-9A1E7A4F7556}") = "SolarLab.Academy.AppServices", "Apllication\SolarLab.Academy.AppServices\SolarLab.Academy.AppServices.csproj", "{A464CB86-EE0F-4B1F-8B7D-0A6466CE637F}"
EndProject
Project("{9A19103F-16F7-4668-BE54-9A1E7A4F7556}") = "SolarLab.Academy.Contracts", "Contracts\SolarLab.Academy.Contracts\SolarLab.Academy.Contracts.csproj", "{4C1707ED-96DE-4D0C-A009-69D4CA697AA7}"
EndProject
Project("{9A19103F-16F7-4668-BE54-9A1E7A4F7556}") = "SolarLab.Academy.Domain", "Domain\SolarLab.Academy.Domain\SolarLab.Academy.Domain.csproj", "{F41FFE0F-2E80-4112-9687-09985730BF44}"
EndProject
Project("{9A19103F-16F7-4668-BE54-9A1E7A4F7556}") = "SolarLab.Academy.Infrastructure", "Infrastructure\SolarLab.Academy.Infrastructure\SolarLab.Academy.Infrastructure.csproj", "{EB54CEDC-ED1C-4C73-948E-762FF7C15676}"
EndProject
Project("{9A19103F-16F7-4668-BE54-9A1E7A4F7556}") = "SolarLab.Academy.ComponentRegistrar", "Infrastructure\SolarLab.Academy.ComponentRegistrar\SolarLab.Academy.ComponentRegistrar.csproj", "{038E3168-DEDF-4956-9565-5977DCD2DD3A}"
EndProject
Project("{9A19103F-16F7-4668-BE54-9A1E7A4F7556}") = "SolarLab.Academy.Api", "Hosts\SolarLab.Academy.Api\SolarLab.Academy.Api.csproj", "{B692317F-692B-4D92-989F-D9906D106E88}"
EndProject
Project("{9A19103F-16F7-4668-BE54-9A1E7A4F7556}") = "SolarLab.Academy.DataAccess", "Infrastructure\SolarLab.Academy.DataAccess\SolarLab.Academy.DataAccess.csproj", "{47C18B9D-1FC3-45F3-818E-F9957D2C2748}"
EndProject
Project("{2150E333-8FDC-42A3-9474-1A3956D46DE8}") = "Tests", "Tests", "{1E5523E3-E835-4114-95F3-BAD1F9AA941E}"
EndProject
Project("{9A19103F-16F7-4668-BE54-9A1E7A4F7556}") = "SolarLab.Academy.DbMigrator", "SolarLab.Academy.DbMigrator\SolarLab.Academy.DbMigrator.csproj", "{BEC27C54-A9F1-4206-85CD-05E061E6B4BD}"
EndProject
Project("{FAE04EC0-301F-11D3-BF4B-00C04F79EFBC}") = "TestProject1", "TestProject1\TestProject1.csproj", "{D8DEFA03-310B-4D38-97EE-BCC92FE00E9D}"
EndProject
Project("{E53339B2-1760-4266-BCC7-CA923CBCF16C}") = "docker-compose", "docker-compose.dcproj", "{3863CB77-FA6A-4E5A-9E8A-5C707354791A}"
EndProject
Global
	GlobalSection(SolutionConfigurationPlatforms) = preSolution
		Debug|Any CPU = Debug|Any CPU
		Release|Any CPU = Release|Any CPU
	EndGlobalSection
	GlobalSection(ProjectConfigurationPlatforms) = postSolution
		{A464CB86-EE0F-4B1F-8B7D-0A6466CE637F}.Debug|Any CPU.ActiveCfg = Debug|Any CPU
		{A464CB86-EE0F-4B1F-8B7D-0A6466CE637F}.Debug|Any CPU.Build.0 = Debug|Any CPU
		{A464CB86-EE0F-4B1F-8B7D-0A6466CE637F}.Release|Any CPU.ActiveCfg = Release|Any CPU
		{A464CB86-EE0F-4B1F-8B7D-0A6466CE637F}.Release|Any CPU.Build.0 = Release|Any CPU
		{4C1707ED-96DE-4D0C-A009-69D4CA697AA7}.Debug|Any CPU.ActiveCfg = Debug|Any CPU
		{4C1707ED-96DE-4D0C-A009-69D4CA697AA7}.Debug|Any CPU.Build.0 = Debug|Any CPU
		{4C1707ED-96DE-4D0C-A009-69D4CA697AA7}.Release|Any CPU.ActiveCfg = Release|Any CPU
		{4C1707ED-96DE-4D0C-A009-69D4CA697AA7}.Release|Any CPU.Build.0 = Release|Any CPU
		{F41FFE0F-2E80-4112-9687-09985730BF44}.Debug|Any CPU.ActiveCfg = Debug|Any CPU
		{F41FFE0F-2E80-4112-9687-09985730BF44}.Debug|Any CPU.Build.0 = Debug|Any CPU
		{F41FFE0F-2E80-4112-9687-09985730BF44}.Release|Any CPU.ActiveCfg = Release|Any CPU
		{F41FFE0F-2E80-4112-9687-09985730BF44}.Release|Any CPU.Build.0 = Release|Any CPU
		{EB54CEDC-ED1C-4C73-948E-762FF7C15676}.Debug|Any CPU.ActiveCfg = Debug|Any CPU
		{EB54CEDC-ED1C-4C73-948E-762FF7C15676}.Debug|Any CPU.Build.0 = Debug|Any CPU
		{EB54CEDC-ED1C-4C73-948E-762FF7C15676}.Release|Any CPU.ActiveCfg = Release|Any CPU
		{EB54CEDC-ED1C-4C73-948E-762FF7C15676}.Release|Any CPU.Build.0 = Release|Any CPU
		{038E3168-DEDF-4956-9565-5977DCD2DD3A}.Debug|Any CPU.ActiveCfg = Debug|Any CPU
		{038E3168-DEDF-4956-9565-5977DCD2DD3A}.Debug|Any CPU.Build.0 = Debug|Any CPU
		{038E3168-DEDF-4956-9565-5977DCD2DD3A}.Release|Any CPU.ActiveCfg = Release|Any CPU
		{038E3168-DEDF-4956-9565-5977DCD2DD3A}.Release|Any CPU.Build.0 = Release|Any CPU
		{B692317F-692B-4D92-989F-D9906D106E88}.Debug|Any CPU.ActiveCfg = Debug|Any CPU
		{B692317F-692B-4D92-989F-D9906D106E88}.Debug|Any CPU.Build.0 = Debug|Any CPU
		{B692317F-692B-4D92-989F-D9906D106E88}.Release|Any CPU.ActiveCfg = Release|Any CPU
		{B692317F-692B-4D92-989F-D9906D106E88}.Release|Any CPU.Build.0 = Release|Any CPU
		{47C18B9D-1FC3-45F3-818E-F9957D2C2748}.Debug|Any CPU.ActiveCfg = Debug|Any CPU
		{47C18B9D-1FC3-45F3-818E-F9957D2C2748}.Debug|Any CPU.Build.0 = Debug|Any CPU
		{47C18B9D-1FC3-45F3-818E-F9957D2C2748}.Release|Any CPU.ActiveCfg = Release|Any CPU
		{47C18B9D-1FC3-45F3-818E-F9957D2C2748}.Release|Any CPU.Build.0 = Release|Any CPU
		{BEC27C54-A9F1-4206-85CD-05E061E6B4BD}.Debug|Any CPU.ActiveCfg = Debug|Any CPU
		{BEC27C54-A9F1-4206-85CD-05E061E6B4BD}.Debug|Any CPU.Build.0 = Debug|Any CPU
		{BEC27C54-A9F1-4206-85CD-05E061E6B4BD}.Release|Any CPU.ActiveCfg = Release|Any CPU
		{BEC27C54-A9F1-4206-85CD-05E061E6B4BD}.Release|Any CPU.Build.0 = Release|Any CPU
		{D8DEFA03-310B-4D38-97EE-BCC92FE00E9D}.Debug|Any CPU.ActiveCfg = Debug|Any CPU
		{D8DEFA03-310B-4D38-97EE-BCC92FE00E9D}.Debug|Any CPU.Build.0 = Debug|Any CPU
		{D8DEFA03-310B-4D38-97EE-BCC92FE00E9D}.Release|Any CPU.ActiveCfg = Release|Any CPU
		{D8DEFA03-310B-4D38-97EE-BCC92FE00E9D}.Release|Any CPU.Build.0 = Release|Any CPU
		{3863CB77-FA6A-4E5A-9E8A-5C707354791A}.Debug|Any CPU.ActiveCfg = Debug|Any CPU
		{3863CB77-FA6A-4E5A-9E8A-5C707354791A}.Debug|Any CPU.Build.0 = Debug|Any CPU
		{3863CB77-FA6A-4E5A-9E8A-5C707354791A}.Release|Any CPU.ActiveCfg = Release|Any CPU
		{3863CB77-FA6A-4E5A-9E8A-5C707354791A}.Release|Any CPU.Build.0 = Release|Any CPU
	EndGlobalSection
	GlobalSection(SolutionProperties) = preSolution
		HideSolutionNode = FALSE
	EndGlobalSection
	GlobalSection(NestedProjects) = preSolution
		{CF8CDCE0-10CA-4309-B38B-28B93FB94DE6} = {D129ED10-7A22-472F-8112-63BCDA57F3D1}
		{748F2966-AD9A-4687-AD44-B1E9BCF6E050} = {D129ED10-7A22-472F-8112-63BCDA57F3D1}
		{CF42BA5B-E2B4-4744-8F86-6C9AA7A22093} = {D129ED10-7A22-472F-8112-63BCDA57F3D1}
		{3C3DAE8F-ADBE-42D2-B83C-560B43E5D65C} = {D129ED10-7A22-472F-8112-63BCDA57F3D1}
		{58A5D4AA-DC6E-4B2D-9CCD-A6354EFFB979} = {D129ED10-7A22-472F-8112-63BCDA57F3D1}
		{A464CB86-EE0F-4B1F-8B7D-0A6466CE637F} = {CF8CDCE0-10CA-4309-B38B-28B93FB94DE6}
		{4C1707ED-96DE-4D0C-A009-69D4CA697AA7} = {748F2966-AD9A-4687-AD44-B1E9BCF6E050}
		{F41FFE0F-2E80-4112-9687-09985730BF44} = {CF42BA5B-E2B4-4744-8F86-6C9AA7A22093}
		{EB54CEDC-ED1C-4C73-948E-762FF7C15676} = {3C3DAE8F-ADBE-42D2-B83C-560B43E5D65C}
		{038E3168-DEDF-4956-9565-5977DCD2DD3A} = {3C3DAE8F-ADBE-42D2-B83C-560B43E5D65C}
		{B692317F-692B-4D92-989F-D9906D106E88} = {58A5D4AA-DC6E-4B2D-9CCD-A6354EFFB979}
		{47C18B9D-1FC3-45F3-818E-F9957D2C2748} = {3C3DAE8F-ADBE-42D2-B83C-560B43E5D65C}
		{1E5523E3-E835-4114-95F3-BAD1F9AA941E} = {D129ED10-7A22-472F-8112-63BCDA57F3D1}
		{BEC27C54-A9F1-4206-85CD-05E061E6B4BD} = {58A5D4AA-DC6E-4B2D-9CCD-A6354EFFB979}
		{D8DEFA03-310B-4D38-97EE-BCC92FE00E9D} = {1E5523E3-E835-4114-95F3-BAD1F9AA941E}
	EndGlobalSection
	GlobalSection(ExtensibilityGlobals) = postSolution
		SolutionGuid = {7D97646F-7412-4F30-B1AF-6E1AA1DB8B80}
	EndGlobalSection
EndGlobal
